// !$*UTF8*$!
{
	archiveVersion = 1;
	classes = {
	};
	objectVersion = 56;
	objects = {

/* Begin PBXBuildFile section */
		719B5CDB2AC3298F00E99BE0 /* AppDelegate.swift in Sources */ = {isa = PBXBuildFile; fileRef = 719B5CDA2AC3298F00E99BE0 /* AppDelegate.swift */; };
		719B5CDD2AC3298F00E99BE0 /* SceneDelegate.swift in Sources */ = {isa = PBXBuildFile; fileRef = 719B5CDC2AC3298F00E99BE0 /* SceneDelegate.swift */; };
		719B5CDF2AC3298F00E99BE0 /* OnboardingViewController.swift in Sources */ = {isa = PBXBuildFile; fileRef = 719B5CDE2AC3298F00E99BE0 /* OnboardingViewController.swift */; };
		719B5CE42AC3299000E99BE0 /* Assets.xcassets in Resources */ = {isa = PBXBuildFile; fileRef = 719B5CE32AC3299000E99BE0 /* Assets.xcassets */; };
		719B5CE72AC3299000E99BE0 /* LaunchScreen.storyboard in Resources */ = {isa = PBXBuildFile; fileRef = 719B5CE52AC3299000E99BE0 /* LaunchScreen.storyboard */; };
		719B5CF52AC32CE300E99BE0 /* UIView+Extension.swift in Sources */ = {isa = PBXBuildFile; fileRef = 719B5CF42AC32CE300E99BE0 /* UIView+Extension.swift */; };
		719B5CF72AC3469500E99BE0 /* OnboardingModel.swift in Sources */ = {isa = PBXBuildFile; fileRef = 719B5CF62AC3469500E99BE0 /* OnboardingModel.swift */; };
		719B5CFA2AC3476100E99BE0 /* OnboardingCollectionViewCell.swift in Sources */ = {isa = PBXBuildFile; fileRef = 719B5CF82AC3476100E99BE0 /* OnboardingCollectionViewCell.swift */; };
		719B5CFB2AC3476100E99BE0 /* OnboardingCollectionViewCell.xib in Resources */ = {isa = PBXBuildFile; fileRef = 719B5CF92AC3476100E99BE0 /* OnboardingCollectionViewCell.xib */; };
		719B5CFD2AC4366300E99BE0 /* LoginViewController.swift in Sources */ = {isa = PBXBuildFile; fileRef = 719B5CFC2AC4366300E99BE0 /* LoginViewController.swift */; };
		719B5CFF2AC4422100E99BE0 /* RegisterViewController.swift in Sources */ = {isa = PBXBuildFile; fileRef = 719B5CFE2AC4422100E99BE0 /* RegisterViewController.swift */; };
		719B5D012AC467A900E99BE0 /* CustomTextField.swift in Sources */ = {isa = PBXBuildFile; fileRef = 719B5D002AC467A800E99BE0 /* CustomTextField.swift */; };
		719B5D042AC46D3B00E99BE0 /* CustomButton.swift in Sources */ = {isa = PBXBuildFile; fileRef = 719B5D032AC46D3B00E99BE0 /* CustomButton.swift */; };
		719B5D292AC4C58400E99BE0 /* CustomKeyboardToolbar.swift in Sources */ = {isa = PBXBuildFile; fileRef = 719B5D282AC4C58400E99BE0 /* CustomKeyboardToolbar.swift */; };
		719B5D2B2AC5C66000E99BE0 /* WebViewerController.swift in Sources */ = {isa = PBXBuildFile; fileRef = 719B5D2A2AC5C66000E99BE0 /* WebViewerController.swift */; };
		719B5D2F2AC5D60600E99BE0 /* CustomTermsAndPrivacyTextView.swift in Sources */ = {isa = PBXBuildFile; fileRef = 719B5D2E2AC5D60600E99BE0 /* CustomTermsAndPrivacyTextView.swift */; };
		719B5D312AC5DAF300E99BE0 /* ForgotPasswordViewController.swift in Sources */ = {isa = PBXBuildFile; fileRef = 719B5D302AC5DAF300E99BE0 /* ForgotPasswordViewController.swift */; };
		719B5D382AC607D700E99BE0 /* Constants.swift in Sources */ = {isa = PBXBuildFile; fileRef = 719B5D372AC607D700E99BE0 /* Constants.swift */; };
		719B5D3A2AC614A600E99BE0 /* AuthHeaderView.swift in Sources */ = {isa = PBXBuildFile; fileRef = 719B5D392AC614A600E99BE0 /* AuthHeaderView.swift */; };
		719B5D3D2AC6D71400E99BE0 /* ProfileViewController.swift in Sources */ = {isa = PBXBuildFile; fileRef = 719B5D3C2AC6D71400E99BE0 /* ProfileViewController.swift */; };
		719B5D402AC6DEEE00E99BE0 /* AlertManager.swift in Sources */ = {isa = PBXBuildFile; fileRef = 719B5D3F2AC6DEEE00E99BE0 /* AlertManager.swift */; };
		719B5D422AC8702000E99BE0 /* GoogleService-Info.plist in Resources */ = {isa = PBXBuildFile; fileRef = 719B5D412AC8701F00E99BE0 /* GoogleService-Info.plist */; };
		719B5D452AC872E100E99BE0 /* FirebaseAnalytics in Frameworks */ = {isa = PBXBuildFile; productRef = 719B5D442AC872E100E99BE0 /* FirebaseAnalytics */; };
		719B5D472AC872E100E99BE0 /* FirebaseAuth in Frameworks */ = {isa = PBXBuildFile; productRef = 719B5D462AC872E100E99BE0 /* FirebaseAuth */; };
		719B5D492AC872E100E99BE0 /* FirebaseFirestore in Frameworks */ = {isa = PBXBuildFile; productRef = 719B5D482AC872E100E99BE0 /* FirebaseFirestore */; };
		719B5D4B2AC872E100E99BE0 /* FirebaseStorage in Frameworks */ = {isa = PBXBuildFile; productRef = 719B5D4A2AC872E100E99BE0 /* FirebaseStorage */; };
		719B5D4D2AC875BA00E99BE0 /* AuthManager.swift in Sources */ = {isa = PBXBuildFile; fileRef = 719B5D4C2AC875BA00E99BE0 /* AuthManager.swift */; };
		719B5D4F2AC876F200E99BE0 /* RegisterUserModal.swift in Sources */ = {isa = PBXBuildFile; fileRef = 719B5D4E2AC876F200E99BE0 /* RegisterUserModal.swift */; };
		719B5D512AC8808400E99BE0 /* LoginUserModal.swift in Sources */ = {isa = PBXBuildFile; fileRef = 719B5D502AC8808400E99BE0 /* LoginUserModal.swift */; };
		719B5D532AC9A87100E99BE0 /* ValidationManager.swift in Sources */ = {isa = PBXBuildFile; fileRef = 719B5D522AC9A87100E99BE0 /* ValidationManager.swift */; };
		719B5D552AC9BE9C00E99BE0 /* UserModel.swift in Sources */ = {isa = PBXBuildFile; fileRef = 719B5D542AC9BE9C00E99BE0 /* UserModel.swift */; };
		719B5D5C2ACB4A1D00E99BE0 /* HomeViewController.swift in Sources */ = {isa = PBXBuildFile; fileRef = 719B5D5B2ACB4A1D00E99BE0 /* HomeViewController.swift */; };
		719B5D5E2ACB4A4300E99BE0 /* BookedTicketsViewController.swift in Sources */ = {isa = PBXBuildFile; fileRef = 719B5D5D2ACB4A4300E99BE0 /* BookedTicketsViewController.swift */; };
		719B5DB32ACCA38C00E99BE0 /* MainTabBarViewController.swift in Sources */ = {isa = PBXBuildFile; fileRef = 719B5DB22ACCA38C00E99BE0 /* MainTabBarViewController.swift */; };
		719B5DB72ACDB2D800E99BE0 /* ProfileTableViewCell.swift in Sources */ = {isa = PBXBuildFile; fileRef = 719B5DB52ACDB2D800E99BE0 /* ProfileTableViewCell.swift */; };
		719B5DB82ACDB2D800E99BE0 /* ProfileTableViewCell.xib in Resources */ = {isa = PBXBuildFile; fileRef = 719B5DB62ACDB2D800E99BE0 /* ProfileTableViewCell.xib */; };
		719B5DBA2ACDB85800E99BE0 /* ProfileTableViewCellModel.swift in Sources */ = {isa = PBXBuildFile; fileRef = 719B5DB92ACDB85800E99BE0 /* ProfileTableViewCellModel.swift */; };
/* End PBXBuildFile section */

/* Begin PBXFileReference section */
		719B5CD72AC3298F00E99BE0 /* Ticketock.app */ = {isa = PBXFileReference; explicitFileType = wrapper.application; includeInIndex = 0; path = Ticketock.app; sourceTree = BUILT_PRODUCTS_DIR; };
		719B5CDA2AC3298F00E99BE0 /* AppDelegate.swift */ = {isa = PBXFileReference; lastKnownFileType = sourcecode.swift; path = AppDelegate.swift; sourceTree = "<group>"; };
		719B5CDC2AC3298F00E99BE0 /* SceneDelegate.swift */ = {isa = PBXFileReference; lastKnownFileType = sourcecode.swift; path = SceneDelegate.swift; sourceTree = "<group>"; };
		719B5CDE2AC3298F00E99BE0 /* OnboardingViewController.swift */ = {isa = PBXFileReference; lastKnownFileType = sourcecode.swift; path = OnboardingViewController.swift; sourceTree = "<group>"; };
		719B5CE32AC3299000E99BE0 /* Assets.xcassets */ = {isa = PBXFileReference; lastKnownFileType = folder.assetcatalog; path = Assets.xcassets; sourceTree = "<group>"; };
		719B5CE62AC3299000E99BE0 /* Base */ = {isa = PBXFileReference; lastKnownFileType = file.storyboard; name = Base; path = Base.lproj/LaunchScreen.storyboard; sourceTree = "<group>"; };
		719B5CE82AC3299000E99BE0 /* Info.plist */ = {isa = PBXFileReference; lastKnownFileType = text.plist.xml; path = Info.plist; sourceTree = "<group>"; };
		719B5CF42AC32CE300E99BE0 /* UIView+Extension.swift */ = {isa = PBXFileReference; lastKnownFileType = sourcecode.swift; path = "UIView+Extension.swift"; sourceTree = "<group>"; };
		719B5CF62AC3469500E99BE0 /* OnboardingModel.swift */ = {isa = PBXFileReference; lastKnownFileType = sourcecode.swift; path = OnboardingModel.swift; sourceTree = "<group>"; };
		719B5CF82AC3476100E99BE0 /* OnboardingCollectionViewCell.swift */ = {isa = PBXFileReference; lastKnownFileType = sourcecode.swift; path = OnboardingCollectionViewCell.swift; sourceTree = "<group>"; };
		719B5CF92AC3476100E99BE0 /* OnboardingCollectionViewCell.xib */ = {isa = PBXFileReference; lastKnownFileType = file.xib; path = OnboardingCollectionViewCell.xib; sourceTree = "<group>"; };
		719B5CFC2AC4366300E99BE0 /* LoginViewController.swift */ = {isa = PBXFileReference; lastKnownFileType = sourcecode.swift; path = LoginViewController.swift; sourceTree = "<group>"; };
		719B5CFE2AC4422100E99BE0 /* RegisterViewController.swift */ = {isa = PBXFileReference; lastKnownFileType = sourcecode.swift; path = RegisterViewController.swift; sourceTree = "<group>"; };
		719B5D002AC467A800E99BE0 /* CustomTextField.swift */ = {isa = PBXFileReference; lastKnownFileType = sourcecode.swift; path = CustomTextField.swift; sourceTree = "<group>"; };
		719B5D032AC46D3B00E99BE0 /* CustomButton.swift */ = {isa = PBXFileReference; lastKnownFileType = sourcecode.swift; path = CustomButton.swift; sourceTree = "<group>"; };
		719B5D282AC4C58400E99BE0 /* CustomKeyboardToolbar.swift */ = {isa = PBXFileReference; lastKnownFileType = sourcecode.swift; path = CustomKeyboardToolbar.swift; sourceTree = "<group>"; };
		719B5D2A2AC5C66000E99BE0 /* WebViewerController.swift */ = {isa = PBXFileReference; lastKnownFileType = sourcecode.swift; path = WebViewerController.swift; sourceTree = "<group>"; };
		719B5D2E2AC5D60600E99BE0 /* CustomTermsAndPrivacyTextView.swift */ = {isa = PBXFileReference; lastKnownFileType = sourcecode.swift; path = CustomTermsAndPrivacyTextView.swift; sourceTree = "<group>"; };
		719B5D302AC5DAF300E99BE0 /* ForgotPasswordViewController.swift */ = {isa = PBXFileReference; lastKnownFileType = sourcecode.swift; path = ForgotPasswordViewController.swift; sourceTree = "<group>"; };
		719B5D372AC607D700E99BE0 /* Constants.swift */ = {isa = PBXFileReference; lastKnownFileType = sourcecode.swift; path = Constants.swift; sourceTree = "<group>"; };
		719B5D392AC614A600E99BE0 /* AuthHeaderView.swift */ = {isa = PBXFileReference; lastKnownFileType = sourcecode.swift; path = AuthHeaderView.swift; sourceTree = "<group>"; };
		719B5D3C2AC6D71400E99BE0 /* ProfileViewController.swift */ = {isa = PBXFileReference; lastKnownFileType = sourcecode.swift; path = ProfileViewController.swift; sourceTree = "<group>"; };
		719B5D3F2AC6DEEE00E99BE0 /* AlertManager.swift */ = {isa = PBXFileReference; lastKnownFileType = sourcecode.swift; path = AlertManager.swift; sourceTree = "<group>"; };
		719B5D412AC8701F00E99BE0 /* GoogleService-Info.plist */ = {isa = PBXFileReference; fileEncoding = 4; lastKnownFileType = text.plist.xml; path = "GoogleService-Info.plist"; sourceTree = "<group>"; };
		719B5D4C2AC875BA00E99BE0 /* AuthManager.swift */ = {isa = PBXFileReference; lastKnownFileType = sourcecode.swift; path = AuthManager.swift; sourceTree = "<group>"; };
		719B5D4E2AC876F200E99BE0 /* RegisterUserModal.swift */ = {isa = PBXFileReference; lastKnownFileType = sourcecode.swift; path = RegisterUserModal.swift; sourceTree = "<group>"; };
		719B5D502AC8808400E99BE0 /* LoginUserModal.swift */ = {isa = PBXFileReference; lastKnownFileType = sourcecode.swift; path = LoginUserModal.swift; sourceTree = "<group>"; };
		719B5D522AC9A87100E99BE0 /* ValidationManager.swift */ = {isa = PBXFileReference; lastKnownFileType = sourcecode.swift; path = ValidationManager.swift; sourceTree = "<group>"; };
		719B5D542AC9BE9C00E99BE0 /* UserModel.swift */ = {isa = PBXFileReference; lastKnownFileType = sourcecode.swift; path = UserModel.swift; sourceTree = "<group>"; };
		719B5D5B2ACB4A1D00E99BE0 /* HomeViewController.swift */ = {isa = PBXFileReference; lastKnownFileType = sourcecode.swift; path = HomeViewController.swift; sourceTree = "<group>"; };
		719B5D5D2ACB4A4300E99BE0 /* BookedTicketsViewController.swift */ = {isa = PBXFileReference; lastKnownFileType = sourcecode.swift; path = BookedTicketsViewController.swift; sourceTree = "<group>"; };
		719B5DB22ACCA38C00E99BE0 /* MainTabBarViewController.swift */ = {isa = PBXFileReference; lastKnownFileType = sourcecode.swift; path = MainTabBarViewController.swift; sourceTree = "<group>"; };
		719B5DB52ACDB2D800E99BE0 /* ProfileTableViewCell.swift */ = {isa = PBXFileReference; lastKnownFileType = sourcecode.swift; path = ProfileTableViewCell.swift; sourceTree = "<group>"; };
		719B5DB62ACDB2D800E99BE0 /* ProfileTableViewCell.xib */ = {isa = PBXFileReference; lastKnownFileType = file.xib; path = ProfileTableViewCell.xib; sourceTree = "<group>"; };
		719B5DB92ACDB85800E99BE0 /* ProfileTableViewCellModel.swift */ = {isa = PBXFileReference; lastKnownFileType = sourcecode.swift; path = ProfileTableViewCellModel.swift; sourceTree = "<group>"; };
/* End PBXFileReference section */

/* Begin PBXFrameworksBuildPhase section */
		719B5CD42AC3298F00E99BE0 /* Frameworks */ = {
			isa = PBXFrameworksBuildPhase;
			buildActionMask = 2147483647;
			files = (
				719B5D452AC872E100E99BE0 /* FirebaseAnalytics in Frameworks */,
				719B5D4B2AC872E100E99BE0 /* FirebaseStorage in Frameworks */,
				719B5D472AC872E100E99BE0 /* FirebaseAuth in Frameworks */,
				719B5D492AC872E100E99BE0 /* FirebaseFirestore in Frameworks */,
			);
			runOnlyForDeploymentPostprocessing = 0;
		};
/* End PBXFrameworksBuildPhase section */

/* Begin PBXGroup section */
		719B5CCE2AC3298F00E99BE0 = {
			isa = PBXGroup;
			children = (
				719B5CD92AC3298F00E99BE0 /* Ticketock */,
				719B5CD82AC3298F00E99BE0 /* Products */,
			);
			sourceTree = "<group>";
		};
		719B5CD82AC3298F00E99BE0 /* Products */ = {
			isa = PBXGroup;
			children = (
				719B5CD72AC3298F00E99BE0 /* Ticketock.app */,
			);
			name = Products;
			sourceTree = "<group>";
		};
		719B5CD92AC3298F00E99BE0 /* Ticketock */ = {
			isa = PBXGroup;
			children = (
				719B5CF32AC32ABB00E99BE0 /* Resources */,
				719B5D3E2AC6DECA00E99BE0 /* Managers */,
				719B5CEE2AC32A8600E99BE0 /* Extensions */,
				719B5CF22AC32AB300E99BE0 /* Modals */,
				719B5CF12AC32AAB00E99BE0 /* Scenes */,
				719B5CEF2AC32A9100E99BE0 /* CustomViews */,
				719B5CE32AC3299000E99BE0 /* Assets.xcassets */,
				719B5CE52AC3299000E99BE0 /* LaunchScreen.storyboard */,
				719B5CE82AC3299000E99BE0 /* Info.plist */,
				719B5D412AC8701F00E99BE0 /* GoogleService-Info.plist */,
			);
			path = Ticketock;
			sourceTree = "<group>";
		};
		719B5CEE2AC32A8600E99BE0 /* Extensions */ = {
			isa = PBXGroup;
			children = (
				719B5CF42AC32CE300E99BE0 /* UIView+Extension.swift */,
			);
			path = Extensions;
			sourceTree = "<group>";
		};
		719B5CEF2AC32A9100E99BE0 /* CustomViews */ = {
			isa = PBXGroup;
			children = (
				719B5D392AC614A600E99BE0 /* AuthHeaderView.swift */,
				719B5D002AC467A800E99BE0 /* CustomTextField.swift */,
				719B5D032AC46D3B00E99BE0 /* CustomButton.swift */,
				719B5D282AC4C58400E99BE0 /* CustomKeyboardToolbar.swift */,
				719B5D2E2AC5D60600E99BE0 /* CustomTermsAndPrivacyTextView.swift */,
			);
			path = CustomViews;
			sourceTree = "<group>";
		};
		719B5CF12AC32AAB00E99BE0 /* Scenes */ = {
			isa = PBXGroup;
			children = (
				719B5D322AC6030900E99BE0 /* Onboarding */,
				719B5D332AC6035200E99BE0 /* Login */,
				719B5D342AC6035D00E99BE0 /* Register */,
				719B5D352AC6036B00E99BE0 /* ForgotPassword */,
				719B5D562ACB48CE00E99BE0 /* MainTabBar */,
				719B5D592ACB49D600E99BE0 /* Home */,
				719B5D5A2ACB49E400E99BE0 /* BookedTickets */,
				719B5D3B2AC6D6D300E99BE0 /* Profile */,
				719B5D2A2AC5C66000E99BE0 /* WebViewerController.swift */,
			);
			path = Scenes;
			sourceTree = "<group>";
		};
		719B5CF22AC32AB300E99BE0 /* Modals */ = {
			isa = PBXGroup;
			children = (
				719B5CF62AC3469500E99BE0 /* OnboardingModel.swift */,
				719B5D4E2AC876F200E99BE0 /* RegisterUserModal.swift */,
				719B5D502AC8808400E99BE0 /* LoginUserModal.swift */,
				719B5D542AC9BE9C00E99BE0 /* UserModel.swift */,
				719B5DB92ACDB85800E99BE0 /* ProfileTableViewCellModel.swift */,
			);
			path = Modals;
			sourceTree = "<group>";
		};
		719B5CF32AC32ABB00E99BE0 /* Resources */ = {
			isa = PBXGroup;
			children = (
				719B5CDA2AC3298F00E99BE0 /* AppDelegate.swift */,
				719B5CDC2AC3298F00E99BE0 /* SceneDelegate.swift */,
				719B5D372AC607D700E99BE0 /* Constants.swift */,
			);
			path = Resources;
			sourceTree = "<group>";
		};
		719B5D322AC6030900E99BE0 /* Onboarding */ = {
			isa = PBXGroup;
			children = (
				719B5CDE2AC3298F00E99BE0 /* OnboardingViewController.swift */,
				719B5D362AC603B500E99BE0 /* CustomCells */,
			);
			path = Onboarding;
			sourceTree = "<group>";
		};
		719B5D332AC6035200E99BE0 /* Login */ = {
			isa = PBXGroup;
			children = (
				719B5CFC2AC4366300E99BE0 /* LoginViewController.swift */,
			);
			path = Login;
			sourceTree = "<group>";
		};
		719B5D342AC6035D00E99BE0 /* Register */ = {
			isa = PBXGroup;
			children = (
				719B5CFE2AC4422100E99BE0 /* RegisterViewController.swift */,
			);
			path = Register;
			sourceTree = "<group>";
		};
		719B5D352AC6036B00E99BE0 /* ForgotPassword */ = {
			isa = PBXGroup;
			children = (
				719B5D302AC5DAF300E99BE0 /* ForgotPasswordViewController.swift */,
			);
			path = ForgotPassword;
			sourceTree = "<group>";
		};
		719B5D362AC603B500E99BE0 /* CustomCells */ = {
			isa = PBXGroup;
			children = (
				719B5CF82AC3476100E99BE0 /* OnboardingCollectionViewCell.swift */,
				719B5CF92AC3476100E99BE0 /* OnboardingCollectionViewCell.xib */,
			);
			path = CustomCells;
			sourceTree = "<group>";
		};
		719B5D3B2AC6D6D300E99BE0 /* Profile */ = {
			isa = PBXGroup;
			children = (
				719B5D3C2AC6D71400E99BE0 /* ProfileViewController.swift */,
				719B5DB42ACDB28600E99BE0 /* CustomCells */,
			);
			path = Profile;
			sourceTree = "<group>";
		};
		719B5D3E2AC6DECA00E99BE0 /* Managers */ = {
			isa = PBXGroup;
			children = (
				719B5D3F2AC6DEEE00E99BE0 /* AlertManager.swift */,
				719B5D4C2AC875BA00E99BE0 /* AuthManager.swift */,
				719B5D522AC9A87100E99BE0 /* ValidationManager.swift */,
			);
			path = Managers;
			sourceTree = "<group>";
		};
		719B5D562ACB48CE00E99BE0 /* MainTabBar */ = {
			isa = PBXGroup;
			children = (
				719B5DB22ACCA38C00E99BE0 /* MainTabBarViewController.swift */,
			);
			path = MainTabBar;
			sourceTree = "<group>";
		};
		719B5D592ACB49D600E99BE0 /* Home */ = {
			isa = PBXGroup;
			children = (
				719B5D5B2ACB4A1D00E99BE0 /* HomeViewController.swift */,
			);
			path = Home;
			sourceTree = "<group>";
		};
		719B5D5A2ACB49E400E99BE0 /* BookedTickets */ = {
			isa = PBXGroup;
			children = (
				719B5D5D2ACB4A4300E99BE0 /* BookedTicketsViewController.swift */,
			);
			path = BookedTickets;
			sourceTree = "<group>";
		};
		719B5DB42ACDB28600E99BE0 /* CustomCells */ = {
			isa = PBXGroup;
			children = (
				719B5DB52ACDB2D800E99BE0 /* ProfileTableViewCell.swift */,
				719B5DB62ACDB2D800E99BE0 /* ProfileTableViewCell.xib */,
			);
			path = CustomCells;
			sourceTree = "<group>";
		};
/* End PBXGroup section */

/* Begin PBXNativeTarget section */
		719B5CD62AC3298F00E99BE0 /* Ticketock */ = {
			isa = PBXNativeTarget;
			buildConfigurationList = 719B5CEB2AC3299000E99BE0 /* Build configuration list for PBXNativeTarget "Ticketock" */;
			buildPhases = (
				719B5CD32AC3298F00E99BE0 /* Sources */,
				719B5CD42AC3298F00E99BE0 /* Frameworks */,
				719B5CD52AC3298F00E99BE0 /* Resources */,
			);
			buildRules = (
			);
			dependencies = (
			);
			name = Ticketock;
			packageProductDependencies = (
				719B5D442AC872E100E99BE0 /* FirebaseAnalytics */,
				719B5D462AC872E100E99BE0 /* FirebaseAuth */,
				719B5D482AC872E100E99BE0 /* FirebaseFirestore */,
				719B5D4A2AC872E100E99BE0 /* FirebaseStorage */,
			);
			productName = Ticketock;
			productReference = 719B5CD72AC3298F00E99BE0 /* Ticketock.app */;
			productType = "com.apple.product-type.application";
		};
/* End PBXNativeTarget section */

/* Begin PBXProject section */
		719B5CCF2AC3298F00E99BE0 /* Project object */ = {
			isa = PBXProject;
			attributes = {
				BuildIndependentTargetsInParallel = 1;
				LastSwiftUpdateCheck = 1430;
				LastUpgradeCheck = 1430;
				TargetAttributes = {
					719B5CD62AC3298F00E99BE0 = {
						CreatedOnToolsVersion = 14.3.1;
					};
				};
			};
			buildConfigurationList = 719B5CD22AC3298F00E99BE0 /* Build configuration list for PBXProject "Ticketock" */;
			compatibilityVersion = "Xcode 14.0";
			developmentRegion = en;
			hasScannedForEncodings = 0;
			knownRegions = (
				en,
				Base,
			);
			mainGroup = 719B5CCE2AC3298F00E99BE0;
			packageReferences = (
				719B5D432AC872E100E99BE0 /* XCRemoteSwiftPackageReference "firebase-ios-sdk" */,
			);
			productRefGroup = 719B5CD82AC3298F00E99BE0 /* Products */;
			projectDirPath = "";
			projectRoot = "";
			targets = (
				719B5CD62AC3298F00E99BE0 /* Ticketock */,
			);
		};
/* End PBXProject section */

/* Begin PBXResourcesBuildPhase section */
		719B5CD52AC3298F00E99BE0 /* Resources */ = {
			isa = PBXResourcesBuildPhase;
			buildActionMask = 2147483647;
			files = (
				719B5CE72AC3299000E99BE0 /* LaunchScreen.storyboard in Resources */,
				719B5D422AC8702000E99BE0 /* GoogleService-Info.plist in Resources */,
				719B5CE42AC3299000E99BE0 /* Assets.xcassets in Resources */,
				719B5CFB2AC3476100E99BE0 /* OnboardingCollectionViewCell.xib in Resources */,
				719B5DB82ACDB2D800E99BE0 /* ProfileTableViewCell.xib in Resources */,
			);
			runOnlyForDeploymentPostprocessing = 0;
		};
/* End PBXResourcesBuildPhase section */

/* Begin PBXSourcesBuildPhase section */
		719B5CD32AC3298F00E99BE0 /* Sources */ = {
			isa = PBXSourcesBuildPhase;
			buildActionMask = 2147483647;
			files = (
				719B5D5C2ACB4A1D00E99BE0 /* HomeViewController.swift in Sources */,
				719B5CFD2AC4366300E99BE0 /* LoginViewController.swift in Sources */,
				719B5CDF2AC3298F00E99BE0 /* OnboardingViewController.swift in Sources */,
				719B5DB72ACDB2D800E99BE0 /* ProfileTableViewCell.swift in Sources */,
				719B5CF72AC3469500E99BE0 /* OnboardingModel.swift in Sources */,
				719B5D292AC4C58400E99BE0 /* CustomKeyboardToolbar.swift in Sources */,
				719B5D2B2AC5C66000E99BE0 /* WebViewerController.swift in Sources */,
				719B5D3A2AC614A600E99BE0 /* AuthHeaderView.swift in Sources */,
				719B5DB32ACCA38C00E99BE0 /* MainTabBarViewController.swift in Sources */,
				719B5D382AC607D700E99BE0 /* Constants.swift in Sources */,
				719B5D5E2ACB4A4300E99BE0 /* BookedTicketsViewController.swift in Sources */,
				719B5DBA2ACDB85800E99BE0 /* ProfileTableViewCellModel.swift in Sources */,
				719B5D3D2AC6D71400E99BE0 /* ProfileViewController.swift in Sources */,
				719B5D552AC9BE9C00E99BE0 /* UserModel.swift in Sources */,
				719B5D402AC6DEEE00E99BE0 /* AlertManager.swift in Sources */,
				719B5CFF2AC4422100E99BE0 /* RegisterViewController.swift in Sources */,
				719B5D042AC46D3B00E99BE0 /* CustomButton.swift in Sources */,
				719B5D2F2AC5D60600E99BE0 /* CustomTermsAndPrivacyTextView.swift in Sources */,
				719B5D312AC5DAF300E99BE0 /* ForgotPasswordViewController.swift in Sources */,
				719B5D532AC9A87100E99BE0 /* ValidationManager.swift in Sources */,
				719B5CDB2AC3298F00E99BE0 /* AppDelegate.swift in Sources */,
				719B5D4D2AC875BA00E99BE0 /* AuthManager.swift in Sources */,
				719B5D4F2AC876F200E99BE0 /* RegisterUserModal.swift in Sources */,
				719B5CF52AC32CE300E99BE0 /* UIView+Extension.swift in Sources */,
				719B5CDD2AC3298F00E99BE0 /* SceneDelegate.swift in Sources */,
				719B5D512AC8808400E99BE0 /* LoginUserModal.swift in Sources */,
				719B5CFA2AC3476100E99BE0 /* OnboardingCollectionViewCell.swift in Sources */,
				719B5D012AC467A900E99BE0 /* CustomTextField.swift in Sources */,
			);
			runOnlyForDeploymentPostprocessing = 0;
		};
/* End PBXSourcesBuildPhase section */

/* Begin PBXVariantGroup section */
		719B5CE52AC3299000E99BE0 /* LaunchScreen.storyboard */ = {
			isa = PBXVariantGroup;
			children = (
				719B5CE62AC3299000E99BE0 /* Base */,
			);
			name = LaunchScreen.storyboard;
			sourceTree = "<group>";
		};
/* End PBXVariantGroup section */

/* Begin XCBuildConfiguration section */
		719B5CE92AC3299000E99BE0 /* Debug */ = {
			isa = XCBuildConfiguration;
			buildSettings = {
				ALWAYS_SEARCH_USER_PATHS = NO;
				CLANG_ANALYZER_NONNULL = YES;
				CLANG_ANALYZER_NUMBER_OBJECT_CONVERSION = YES_AGGRESSIVE;
				CLANG_CXX_LANGUAGE_STANDARD = "gnu++20";
				CLANG_ENABLE_MODULES = YES;
				CLANG_ENABLE_OBJC_ARC = YES;
				CLANG_ENABLE_OBJC_WEAK = YES;
				CLANG_WARN_BLOCK_CAPTURE_AUTORELEASING = YES;
				CLANG_WARN_BOOL_CONVERSION = YES;
				CLANG_WARN_COMMA = YES;
				CLANG_WARN_CONSTANT_CONVERSION = YES;
				CLANG_WARN_DEPRECATED_OBJC_IMPLEMENTATIONS = YES;
				CLANG_WARN_DIRECT_OBJC_ISA_USAGE = YES_ERROR;
				CLANG_WARN_DOCUMENTATION_COMMENTS = YES;
				CLANG_WARN_EMPTY_BODY = YES;
				CLANG_WARN_ENUM_CONVERSION = YES;
				CLANG_WARN_INFINITE_RECURSION = YES;
				CLANG_WARN_INT_CONVERSION = YES;
				CLANG_WARN_NON_LITERAL_NULL_CONVERSION = YES;
				CLANG_WARN_OBJC_IMPLICIT_RETAIN_SELF = YES;
				CLANG_WARN_OBJC_LITERAL_CONVERSION = YES;
				CLANG_WARN_OBJC_ROOT_CLASS = YES_ERROR;
				CLANG_WARN_QUOTED_INCLUDE_IN_FRAMEWORK_HEADER = YES;
				CLANG_WARN_RANGE_LOOP_ANALYSIS = YES;
				CLANG_WARN_STRICT_PROTOTYPES = YES;
				CLANG_WARN_SUSPICIOUS_MOVE = YES;
				CLANG_WARN_UNGUARDED_AVAILABILITY = YES_AGGRESSIVE;
				CLANG_WARN_UNREACHABLE_CODE = YES;
				CLANG_WARN__DUPLICATE_METHOD_MATCH = YES;
				COPY_PHASE_STRIP = NO;
				DEBUG_INFORMATION_FORMAT = dwarf;
				ENABLE_STRICT_OBJC_MSGSEND = YES;
				ENABLE_TESTABILITY = YES;
				GCC_C_LANGUAGE_STANDARD = gnu11;
				GCC_DYNAMIC_NO_PIC = NO;
				GCC_NO_COMMON_BLOCKS = YES;
				GCC_OPTIMIZATION_LEVEL = 0;
				GCC_PREPROCESSOR_DEFINITIONS = (
					"DEBUG=1",
					"$(inherited)",
				);
				GCC_WARN_64_TO_32_BIT_CONVERSION = YES;
				GCC_WARN_ABOUT_RETURN_TYPE = YES_ERROR;
				GCC_WARN_UNDECLARED_SELECTOR = YES;
				GCC_WARN_UNINITIALIZED_AUTOS = YES_AGGRESSIVE;
				GCC_WARN_UNUSED_FUNCTION = YES;
				GCC_WARN_UNUSED_VARIABLE = YES;
				IPHONEOS_DEPLOYMENT_TARGET = 13.0;
				MTL_ENABLE_DEBUG_INFO = INCLUDE_SOURCE;
				MTL_FAST_MATH = YES;
				ONLY_ACTIVE_ARCH = YES;
				SDKROOT = iphoneos;
				SWIFT_ACTIVE_COMPILATION_CONDITIONS = DEBUG;
				SWIFT_OPTIMIZATION_LEVEL = "-Onone";
			};
			name = Debug;
		};
		719B5CEA2AC3299000E99BE0 /* Release */ = {
			isa = XCBuildConfiguration;
			buildSettings = {
				ALWAYS_SEARCH_USER_PATHS = NO;
				CLANG_ANALYZER_NONNULL = YES;
				CLANG_ANALYZER_NUMBER_OBJECT_CONVERSION = YES_AGGRESSIVE;
				CLANG_CXX_LANGUAGE_STANDARD = "gnu++20";
				CLANG_ENABLE_MODULES = YES;
				CLANG_ENABLE_OBJC_ARC = YES;
				CLANG_ENABLE_OBJC_WEAK = YES;
				CLANG_WARN_BLOCK_CAPTURE_AUTORELEASING = YES;
				CLANG_WARN_BOOL_CONVERSION = YES;
				CLANG_WARN_COMMA = YES;
				CLANG_WARN_CONSTANT_CONVERSION = YES;
				CLANG_WARN_DEPRECATED_OBJC_IMPLEMENTATIONS = YES;
				CLANG_WARN_DIRECT_OBJC_ISA_USAGE = YES_ERROR;
				CLANG_WARN_DOCUMENTATION_COMMENTS = YES;
				CLANG_WARN_EMPTY_BODY = YES;
				CLANG_WARN_ENUM_CONVERSION = YES;
				CLANG_WARN_INFINITE_RECURSION = YES;
				CLANG_WARN_INT_CONVERSION = YES;
				CLANG_WARN_NON_LITERAL_NULL_CONVERSION = YES;
				CLANG_WARN_OBJC_IMPLICIT_RETAIN_SELF = YES;
				CLANG_WARN_OBJC_LITERAL_CONVERSION = YES;
				CLANG_WARN_OBJC_ROOT_CLASS = YES_ERROR;
				CLANG_WARN_QUOTED_INCLUDE_IN_FRAMEWORK_HEADER = YES;
				CLANG_WARN_RANGE_LOOP_ANALYSIS = YES;
				CLANG_WARN_STRICT_PROTOTYPES = YES;
				CLANG_WARN_SUSPICIOUS_MOVE = YES;
				CLANG_WARN_UNGUARDED_AVAILABILITY = YES_AGGRESSIVE;
				CLANG_WARN_UNREACHABLE_CODE = YES;
				CLANG_WARN__DUPLICATE_METHOD_MATCH = YES;
				COPY_PHASE_STRIP = NO;
				DEBUG_INFORMATION_FORMAT = "dwarf-with-dsym";
				ENABLE_NS_ASSERTIONS = NO;
				ENABLE_STRICT_OBJC_MSGSEND = YES;
				GCC_C_LANGUAGE_STANDARD = gnu11;
				GCC_NO_COMMON_BLOCKS = YES;
				GCC_WARN_64_TO_32_BIT_CONVERSION = YES;
				GCC_WARN_ABOUT_RETURN_TYPE = YES_ERROR;
				GCC_WARN_UNDECLARED_SELECTOR = YES;
				GCC_WARN_UNINITIALIZED_AUTOS = YES_AGGRESSIVE;
				GCC_WARN_UNUSED_FUNCTION = YES;
				GCC_WARN_UNUSED_VARIABLE = YES;
				IPHONEOS_DEPLOYMENT_TARGET = 13.0;
				MTL_ENABLE_DEBUG_INFO = NO;
				MTL_FAST_MATH = YES;
				SDKROOT = iphoneos;
				SWIFT_COMPILATION_MODE = wholemodule;
				SWIFT_OPTIMIZATION_LEVEL = "-O";
				VALIDATE_PRODUCT = YES;
			};
			name = Release;
		};
		719B5CEC2AC3299000E99BE0 /* Debug */ = {
			isa = XCBuildConfiguration;
			buildSettings = {
				ASSETCATALOG_COMPILER_APPICON_NAME = AppIcon;
				ASSETCATALOG_COMPILER_GLOBAL_ACCENT_COLOR_NAME = AccentColor;
				CODE_SIGN_STYLE = Automatic;
				CURRENT_PROJECT_VERSION = 1;
				GENERATE_INFOPLIST_FILE = YES;
				INFOPLIST_FILE = Ticketock/Info.plist;
				INFOPLIST_KEY_UIApplicationSupportsIndirectInputEvents = YES;
				INFOPLIST_KEY_UILaunchStoryboardName = LaunchScreen;
				INFOPLIST_KEY_UISupportedInterfaceOrientations = UIInterfaceOrientationPortrait;
				IPHONEOS_DEPLOYMENT_TARGET = 13.0;
				LD_RUNPATH_SEARCH_PATHS = (
					"$(inherited)",
					"@executable_path/Frameworks",
				);
				MARKETING_VERSION = 1.0;
				PRODUCT_BUNDLE_IDENTIFIER = com.utkuguzel.Ticketock;
				PRODUCT_NAME = "$(TARGET_NAME)";
				SWIFT_EMIT_LOC_STRINGS = YES;
				SWIFT_VERSION = 5.0;
				TARGETED_DEVICE_FAMILY = "1,2";
			};
			name = Debug;
		};
		719B5CED2AC3299000E99BE0 /* Release */ = {
			isa = XCBuildConfiguration;
			buildSettings = {
				ASSETCATALOG_COMPILER_APPICON_NAME = AppIcon;
				ASSETCATALOG_COMPILER_GLOBAL_ACCENT_COLOR_NAME = AccentColor;
				CODE_SIGN_STYLE = Automatic;
				CURRENT_PROJECT_VERSION = 1;
				GENERATE_INFOPLIST_FILE = YES;
				INFOPLIST_FILE = Ticketock/Info.plist;
				INFOPLIST_KEY_UIApplicationSupportsIndirectInputEvents = YES;
				INFOPLIST_KEY_UILaunchStoryboardName = LaunchScreen;
				INFOPLIST_KEY_UISupportedInterfaceOrientations = UIInterfaceOrientationPortrait;
				IPHONEOS_DEPLOYMENT_TARGET = 13.0;
				LD_RUNPATH_SEARCH_PATHS = (
					"$(inherited)",
					"@executable_path/Frameworks",
				);
				MARKETING_VERSION = 1.0;
				PRODUCT_BUNDLE_IDENTIFIER = com.utkuguzel.Ticketock;
				PRODUCT_NAME = "$(TARGET_NAME)";
				SWIFT_EMIT_LOC_STRINGS = YES;
				SWIFT_VERSION = 5.0;
				TARGETED_DEVICE_FAMILY = "1,2";
			};
			name = Release;
		};
/* End XCBuildConfiguration section */

/* Begin XCConfigurationList section */
		719B5CD22AC3298F00E99BE0 /* Build configuration list for PBXProject "Ticketock" */ = {
			isa = XCConfigurationList;
			buildConfigurations = (
				719B5CE92AC3299000E99BE0 /* Debug */,
				719B5CEA2AC3299000E99BE0 /* Release */,
			);
			defaultConfigurationIsVisible = 0;
			defaultConfigurationName = Release;
		};
		719B5CEB2AC3299000E99BE0 /* Build configuration list for PBXNativeTarget "Ticketock" */ = {
			isa = XCConfigurationList;
			buildConfigurations = (
				719B5CEC2AC3299000E99BE0 /* Debug */,
				719B5CED2AC3299000E99BE0 /* Release */,
			);
			defaultConfigurationIsVisible = 0;
			defaultConfigurationName = Release;
		};
/* End XCConfigurationList section */

/* Begin XCRemoteSwiftPackageReference section */
		719B5D432AC872E100E99BE0 /* XCRemoteSwiftPackageReference "firebase-ios-sdk" */ = {
			isa = XCRemoteSwiftPackageReference;
			repositoryURL = "https://github.com/firebase/firebase-ios-sdk";
			requirement = {
				kind = upToNextMajorVersion;
				minimumVersion = 10.0.0;
			};
		};
/* End XCRemoteSwiftPackageReference section */

/* Begin XCSwiftPackageProductDependency section */
		719B5D442AC872E100E99BE0 /* FirebaseAnalytics */ = {
			isa = XCSwiftPackageProductDependency;
			package = 719B5D432AC872E100E99BE0 /* XCRemoteSwiftPackageReference "firebase-ios-sdk" */;
			productName = FirebaseAnalytics;
		};
		719B5D462AC872E100E99BE0 /* FirebaseAuth */ = {
			isa = XCSwiftPackageProductDependency;
			package = 719B5D432AC872E100E99BE0 /* XCRemoteSwiftPackageReference "firebase-ios-sdk" */;
			productName = FirebaseAuth;
		};
		719B5D482AC872E100E99BE0 /* FirebaseFirestore */ = {
			isa = XCSwiftPackageProductDependency;
			package = 719B5D432AC872E100E99BE0 /* XCRemoteSwiftPackageReference "firebase-ios-sdk" */;
			productName = FirebaseFirestore;
		};
		719B5D4A2AC872E100E99BE0 /* FirebaseStorage */ = {
			isa = XCSwiftPackageProductDependency;
			package = 719B5D432AC872E100E99BE0 /* XCRemoteSwiftPackageReference "firebase-ios-sdk" */;
			productName = FirebaseStorage;
		};
/* End XCSwiftPackageProductDependency section */
	};
	rootObject = 719B5CCF2AC3298F00E99BE0 /* Project object */;
}
